
Microsoft Visual Studio Solution File, Format Version 12.00
# Visual Studio 15
Project("{FAE04EC0-301F-11D3-BF4B-00C04F79EFBC}") = "ASP_moment1_2", "ASP_moment1_2\ASP_moment1_2.csproj", "{04677367-DCE8-446E-BA10-C8906B365AE2}"
EndProject
Global
	GlobalSection(SolutionConfigurationPlatforms) = preSolution
		Debug|Any CPU = Debug|Any CPU
		Release|Any CPU = Release|Any CPU
	EndGlobalSection
	GlobalSection(ProjectConfigurationPlatforms) = postSolution
		{04677367-DCE8-446E-BA10-C8906B365AE2}.Debug|Any CPU.ActiveCfg = Debug|Any CPU
		{04677367-DCE8-446E-BA10-C8906B365AE2}.Debug|Any CPU.Build.0 = Debug|Any CPU
		{04677367-DCE8-446E-BA10-C8906B365AE2}.Release|Any CPU.ActiveCfg = Release|Any CPU
		{04677367-DCE8-446E-BA10-C8906B365AE2}.Release|Any CPU.Build.0 = Release|Any CPU
	EndGlobalSection
EndGlobal
